// !$*UTF8*$!
{
	archiveVersion = 1;
	classes = {
	};
	objectVersion = 46;
	objects = {

/* Begin PBXBuildFile section */
		2002EC4F19E41DFF008044AA /* PhotoFetcher.swift in Sources */ = {isa = PBXBuildFile; fileRef = 2002EC4E19E41DFF008044AA /* PhotoFetcher.swift */; };
		206A2A0319F7DBB200338E54 /* DeleteManager.swift in Sources */ = {isa = PBXBuildFile; fileRef = 206A2A0219F7DBB200338E54 /* DeleteManager.swift */; };
		20DB8AA11A20910300F7FA32 /* StatusViewController.swift in Sources */ = {isa = PBXBuildFile; fileRef = 20DB8AA01A20910300F7FA32 /* StatusViewController.swift */; };
		20DB8AA31A21DE6A00F7FA32 /* StatusCountCell.swift in Sources */ = {isa = PBXBuildFile; fileRef = 20DB8AA21A21DE6A00F7FA32 /* StatusCountCell.swift */; };
		20DB8AA51A21DE7900F7FA32 /* StatusSizeCell.swift in Sources */ = {isa = PBXBuildFile; fileRef = 20DB8AA41A21DE7900F7FA32 /* StatusSizeCell.swift */; };
		20DB8AA71A21DE9E00F7FA32 /* StatusMusicCell.swift in Sources */ = {isa = PBXBuildFile; fileRef = 20DB8AA61A21DE9E00F7FA32 /* StatusMusicCell.swift */; };
		3F49A46A19E176DA008079CE /* ListViewController.swift in Sources */ = {isa = PBXBuildFile; fileRef = 3F49A46919E176DA008079CE /* ListViewController.swift */; };
		3F49A46C19E17A47008079CE /* ListCell.swift in Sources */ = {isa = PBXBuildFile; fileRef = 3F49A46B19E17A47008079CE /* ListCell.swift */; };
		3F5C301719FCD704002F074F /* TutorialView.swift in Sources */ = {isa = PBXBuildFile; fileRef = 3F5C301619FCD704002F074F /* TutorialView.swift */; };
		3F5C301919FCD714002F074F /* TutorialView.xib in Resources */ = {isa = PBXBuildFile; fileRef = 3F5C301819FCD713002F074F /* TutorialView.xib */; };
		3F93FABD19FCAC37009F9C3B /* Localizable.strings in Resources */ = {isa = PBXBuildFile; fileRef = 3F93FABF19FCAC37009F9C3B /* Localizable.strings */; };
		3F9C028C19FE7E6700442726 /* NoPictureView.swift in Sources */ = {isa = PBXBuildFile; fileRef = 3F9C028B19FE7E6700442726 /* NoPictureView.swift */; };
		3F9C029019FE7E8900442726 /* NoPictureView.xib in Resources */ = {isa = PBXBuildFile; fileRef = 3F9C028F19FE7E8900442726 /* NoPictureView.xib */; };
		3FA49E7619E23D0200D86E8A /* ListImageCell.swift in Sources */ = {isa = PBXBuildFile; fileRef = 3FA49E7519E23D0200D86E8A /* ListImageCell.swift */; };
		3FA754C919E4092700EB7FBB /* MyExtensions.swift in Sources */ = {isa = PBXBuildFile; fileRef = 3FA754C819E4092700EB7FBB /* MyExtensions.swift */; };
		3FA754CC19E40D1900EB7FBB /* DetailViewController.swift in Sources */ = {isa = PBXBuildFile; fileRef = 3FA754CB19E40D1900EB7FBB /* DetailViewController.swift */; };
		3FAF0B181A0BB7C90057686D /* FlatButton.swift in Sources */ = {isa = PBXBuildFile; fileRef = 3FAF0B171A0BB7C90057686D /* FlatButton.swift */; };
		3FB0A74E19E8F24300F06677 /* DetailImageCell.swift in Sources */ = {isa = PBXBuildFile; fileRef = 3FB0A74D19E8F24300F06677 /* DetailImageCell.swift */; };
		3FB59FFA1A22F09E008D2862 /* AnalyticsManager.swift in Sources */ = {isa = PBXBuildFile; fileRef = 3FB59FF91A22F09E008D2862 /* AnalyticsManager.swift */; };
		3FBD50DD19E175840096E154 /* AppDelegate.swift in Sources */ = {isa = PBXBuildFile; fileRef = 3FBD50DC19E175840096E154 /* AppDelegate.swift */; };
		3FBD50E219E175840096E154 /* Main.storyboard in Resources */ = {isa = PBXBuildFile; fileRef = 3FBD50E019E175840096E154 /* Main.storyboard */; };
		3FBD50E419E175840096E154 /* Images.xcassets in Resources */ = {isa = PBXBuildFile; fileRef = 3FBD50E319E175840096E154 /* Images.xcassets */; };
		3FBD50E719E175840096E154 /* LaunchScreen.xib in Resources */ = {isa = PBXBuildFile; fileRef = 3FBD50E519E175840096E154 /* LaunchScreen.xib */; };
		3FBD50F319E175840096E154 /* SmartPicTests.swift in Sources */ = {isa = PBXBuildFile; fileRef = 3FBD50F219E175840096E154 /* SmartPicTests.swift */; };
		3FDC64A01A203AB500145539 /* LocalPushManager.swift in Sources */ = {isa = PBXBuildFile; fileRef = 3FDC649F1A203AB500145539 /* LocalPushManager.swift */; };
		3FF1F55619F69FB700F027E0 /* CoreData.framework in Frameworks */ = {isa = PBXBuildFile; fileRef = 3F01116F19F69B5E005B5F2F /* CoreData.framework */; };
		3FF1F55719F69FC100F027E0 /* SystemConfiguration.framework in Frameworks */ = {isa = PBXBuildFile; fileRef = 3F01117119F69B6A005B5F2F /* SystemConfiguration.framework */; };
		3FF1F55819F69FD700F027E0 /* AdSupport.framework in Frameworks */ = {isa = PBXBuildFile; fileRef = 3F01117519F69C71005B5F2F /* AdSupport.framework */; };
		3FF1F55919F69FE200F027E0 /* libz.dylib in Frameworks */ = {isa = PBXBuildFile; fileRef = 3F01117319F69B71005B5F2F /* libz.dylib */; };
		3FF1F55A19F69FEB00F027E0 /* libGoogleAnalyticsServices.a in Frameworks */ = {isa = PBXBuildFile; fileRef = 3F01117719F69DBA005B5F2F /* libGoogleAnalyticsServices.a */; };
		660E12CC1A2EC65D00242033 /* Bolts.framework in Frameworks */ = {isa = PBXBuildFile; fileRef = 660E12CA1A2EC65D00242033 /* Bolts.framework */; };
		660E12CD1A2EC65D00242033 /* Parse.framework in Frameworks */ = {isa = PBXBuildFile; fileRef = 660E12CB1A2EC65D00242033 /* Parse.framework */; };
		C1AB0E7C207F45E2832ED219 /* libPods.a in Frameworks */ = {isa = PBXBuildFile; fileRef = EF35E64378D740D1B0AEB093 /* libPods.a */; };
		D92D57BA19EAE85000B87C20 /* GroupInfo.swift in Sources */ = {isa = PBXBuildFile; fileRef = D92D57B919EAE85000B87C20 /* GroupInfo.swift */; };
/* End PBXBuildFile section */

/* Begin PBXContainerItemProxy section */
		3FBD50ED19E175840096E154 /* PBXContainerItemProxy */ = {
			isa = PBXContainerItemProxy;
			containerPortal = 3FBD50CF19E175840096E154 /* Project object */;
			proxyType = 1;
			remoteGlobalIDString = 3FBD50D619E175840096E154;
			remoteInfo = SmartPic;
		};
/* End PBXContainerItemProxy section */

/* Begin PBXFileReference section */
		1D688EABF9B5ED43081DC70F /* Pods.debug.xcconfig */ = {isa = PBXFileReference; includeInIndex = 1; lastKnownFileType = text.xcconfig; name = Pods.debug.xcconfig; path = "Pods/Target Support Files/Pods/Pods.debug.xcconfig"; sourceTree = "<group>"; };
		2002EC4E19E41DFF008044AA /* PhotoFetcher.swift */ = {isa = PBXFileReference; fileEncoding = 4; lastKnownFileType = sourcecode.swift; name = PhotoFetcher.swift; path = Photos/PhotoFetcher.swift; sourceTree = "<group>"; };
		206A2A0219F7DBB200338E54 /* DeleteManager.swift */ = {isa = PBXFileReference; fileEncoding = 4; lastKnownFileType = sourcecode.swift; name = DeleteManager.swift; path = Photos/DeleteManager.swift; sourceTree = "<group>"; };
		20DB8AA01A20910300F7FA32 /* StatusViewController.swift */ = {isa = PBXFileReference; fileEncoding = 4; lastKnownFileType = sourcecode.swift; name = StatusViewController.swift; path = Status/StatusViewController.swift; sourceTree = "<group>"; };
		20DB8AA21A21DE6A00F7FA32 /* StatusCountCell.swift */ = {isa = PBXFileReference; fileEncoding = 4; lastKnownFileType = sourcecode.swift; name = StatusCountCell.swift; path = Status/StatusCountCell.swift; sourceTree = "<group>"; };
		20DB8AA41A21DE7900F7FA32 /* StatusSizeCell.swift */ = {isa = PBXFileReference; fileEncoding = 4; lastKnownFileType = sourcecode.swift; name = StatusSizeCell.swift; path = Status/StatusSizeCell.swift; sourceTree = "<group>"; };
		20DB8AA61A21DE9E00F7FA32 /* StatusMusicCell.swift */ = {isa = PBXFileReference; fileEncoding = 4; lastKnownFileType = sourcecode.swift; name = StatusMusicCell.swift; path = Status/StatusMusicCell.swift; sourceTree = "<group>"; };
		3F01116F19F69B5E005B5F2F /* CoreData.framework */ = {isa = PBXFileReference; lastKnownFileType = wrapper.framework; name = CoreData.framework; path = System/Library/Frameworks/CoreData.framework; sourceTree = SDKROOT; };
		3F01117119F69B6A005B5F2F /* SystemConfiguration.framework */ = {isa = PBXFileReference; lastKnownFileType = wrapper.framework; name = SystemConfiguration.framework; path = System/Library/Frameworks/SystemConfiguration.framework; sourceTree = SDKROOT; };
		3F01117319F69B71005B5F2F /* libz.dylib */ = {isa = PBXFileReference; lastKnownFileType = "compiled.mach-o.dylib"; name = libz.dylib; path = usr/lib/libz.dylib; sourceTree = SDKROOT; };
		3F01117519F69C71005B5F2F /* AdSupport.framework */ = {isa = PBXFileReference; lastKnownFileType = wrapper.framework; name = AdSupport.framework; path = System/Library/Frameworks/AdSupport.framework; sourceTree = SDKROOT; };
		3F01117719F69DBA005B5F2F /* libGoogleAnalyticsServices.a */ = {isa = PBXFileReference; lastKnownFileType = archive.ar; name = libGoogleAnalyticsServices.a; path = ../../../Downloads/GoogleAnalyticsServicesiOS_3.09/libGoogleAnalyticsServices.a; sourceTree = "<group>"; };
		3F49A46919E176DA008079CE /* ListViewController.swift */ = {isa = PBXFileReference; fileEncoding = 4; lastKnownFileType = sourcecode.swift; path = ListViewController.swift; sourceTree = "<group>"; };
		3F49A46B19E17A47008079CE /* ListCell.swift */ = {isa = PBXFileReference; fileEncoding = 4; lastKnownFileType = sourcecode.swift; path = ListCell.swift; sourceTree = "<group>"; };
		3F5C301619FCD704002F074F /* TutorialView.swift */ = {isa = PBXFileReference; fileEncoding = 4; lastKnownFileType = sourcecode.swift; path = TutorialView.swift; sourceTree = "<group>"; };
		3F5C301819FCD713002F074F /* TutorialView.xib */ = {isa = PBXFileReference; fileEncoding = 4; lastKnownFileType = file.xib; path = TutorialView.xib; sourceTree = "<group>"; };
		3F93FABE19FCAC37009F9C3B /* en */ = {isa = PBXFileReference; lastKnownFileType = text.plist.strings; name = en; path = en.lproj/Localizable.strings; sourceTree = "<group>"; };
		3F93FAC019FCAC57009F9C3B /* ja */ = {isa = PBXFileReference; lastKnownFileType = text.plist.strings; name = ja; path = ja.lproj/Localizable.strings; sourceTree = "<group>"; };
		3F93FAC119FCAC5D009F9C3B /* ko */ = {isa = PBXFileReference; lastKnownFileType = text.plist.strings; name = ko; path = ko.lproj/Localizable.strings; sourceTree = "<group>"; };
		3F9C028B19FE7E6700442726 /* NoPictureView.swift */ = {isa = PBXFileReference; fileEncoding = 4; lastKnownFileType = sourcecode.swift; path = NoPictureView.swift; sourceTree = "<group>"; };
		3F9C028F19FE7E8900442726 /* NoPictureView.xib */ = {isa = PBXFileReference; fileEncoding = 4; lastKnownFileType = file.xib; path = NoPictureView.xib; sourceTree = "<group>"; };
		3FA49E7519E23D0200D86E8A /* ListImageCell.swift */ = {isa = PBXFileReference; fileEncoding = 4; lastKnownFileType = sourcecode.swift; path = ListImageCell.swift; sourceTree = "<group>"; };
		3FA754C819E4092700EB7FBB /* MyExtensions.swift */ = {isa = PBXFileReference; fileEncoding = 4; lastKnownFileType = sourcecode.swift; path = MyExtensions.swift; sourceTree = "<group>"; };
		3FA754CB19E40D1900EB7FBB /* DetailViewController.swift */ = {isa = PBXFileReference; fileEncoding = 4; lastKnownFileType = sourcecode.swift; path = DetailViewController.swift; sourceTree = "<group>"; };
		3FAF0B171A0BB7C90057686D /* FlatButton.swift */ = {isa = PBXFileReference; fileEncoding = 4; lastKnownFileType = sourcecode.swift; path = FlatButton.swift; sourceTree = "<group>"; };
		3FB0A74D19E8F24300F06677 /* DetailImageCell.swift */ = {isa = PBXFileReference; fileEncoding = 4; lastKnownFileType = sourcecode.swift; path = DetailImageCell.swift; sourceTree = "<group>"; };
		3FB59FF91A22F09E008D2862 /* AnalyticsManager.swift */ = {isa = PBXFileReference; fileEncoding = 4; lastKnownFileType = sourcecode.swift; path = AnalyticsManager.swift; sourceTree = "<group>"; };
		3FBD50D719E175840096E154 /* SmartPic.app */ = {isa = PBXFileReference; explicitFileType = wrapper.application; includeInIndex = 0; path = SmartPic.app; sourceTree = BUILT_PRODUCTS_DIR; };
		3FBD50DB19E175840096E154 /* Info.plist */ = {isa = PBXFileReference; lastKnownFileType = text.plist.xml; path = Info.plist; sourceTree = "<group>"; };
		3FBD50DC19E175840096E154 /* AppDelegate.swift */ = {isa = PBXFileReference; lastKnownFileType = sourcecode.swift; path = AppDelegate.swift; sourceTree = "<group>"; };
		3FBD50E119E175840096E154 /* Base */ = {isa = PBXFileReference; lastKnownFileType = file.storyboard; name = Base; path = Base.lproj/Main.storyboard; sourceTree = "<group>"; };
		3FBD50E319E175840096E154 /* Images.xcassets */ = {isa = PBXFileReference; lastKnownFileType = folder.assetcatalog; path = Images.xcassets; sourceTree = "<group>"; };
		3FBD50E619E175840096E154 /* Base */ = {isa = PBXFileReference; lastKnownFileType = file.xib; name = Base; path = Base.lproj/LaunchScreen.xib; sourceTree = "<group>"; };
		3FBD50EC19E175840096E154 /* SmartPicTests.xctest */ = {isa = PBXFileReference; explicitFileType = wrapper.cfbundle; includeInIndex = 0; path = SmartPicTests.xctest; sourceTree = BUILT_PRODUCTS_DIR; };
		3FBD50F119E175840096E154 /* Info.plist */ = {isa = PBXFileReference; lastKnownFileType = text.plist.xml; path = Info.plist; sourceTree = "<group>"; };
		3FBD50F219E175840096E154 /* SmartPicTests.swift */ = {isa = PBXFileReference; lastKnownFileType = sourcecode.swift; path = SmartPicTests.swift; sourceTree = "<group>"; };
		3FD4C6B719F4A96D00FFE768 /* SmartPic-Bridging-Header.h */ = {isa = PBXFileReference; lastKnownFileType = sourcecode.c.h; path = "SmartPic-Bridging-Header.h"; sourceTree = "<group>"; };
		3FDC649F1A203AB500145539 /* LocalPushManager.swift */ = {isa = PBXFileReference; fileEncoding = 4; lastKnownFileType = sourcecode.swift; path = LocalPushManager.swift; sourceTree = "<group>"; };
		660E12CA1A2EC65D00242033 /* Bolts.framework */ = {isa = PBXFileReference; lastKnownFileType = wrapper.framework; path = Bolts.framework; sourceTree = "<group>"; };
		660E12CB1A2EC65D00242033 /* Parse.framework */ = {isa = PBXFileReference; lastKnownFileType = wrapper.framework; path = Parse.framework; sourceTree = "<group>"; };
		6E51978BDE9C42F6C83CD5DC /* Pods.release.xcconfig */ = {isa = PBXFileReference; includeInIndex = 1; lastKnownFileType = text.xcconfig; name = Pods.release.xcconfig; path = "Pods/Target Support Files/Pods/Pods.release.xcconfig"; sourceTree = "<group>"; };
		D92D57B919EAE85000B87C20 /* GroupInfo.swift */ = {isa = PBXFileReference; fileEncoding = 4; lastKnownFileType = sourcecode.swift; name = GroupInfo.swift; path = Model/GroupInfo.swift; sourceTree = "<group>"; };
		EF35E64378D740D1B0AEB093 /* libPods.a */ = {isa = PBXFileReference; explicitFileType = archive.ar; includeInIndex = 0; path = libPods.a; sourceTree = BUILT_PRODUCTS_DIR; };
/* End PBXFileReference section */

/* Begin PBXFrameworksBuildPhase section */
		3FBD50D419E175840096E154 /* Frameworks */ = {
			isa = PBXFrameworksBuildPhase;
			buildActionMask = 2147483647;
			files = (
				3FF1F55919F69FE200F027E0 /* libz.dylib in Frameworks */,
				3FF1F55819F69FD700F027E0 /* AdSupport.framework in Frameworks */,
				3FF1F55719F69FC100F027E0 /* SystemConfiguration.framework in Frameworks */,
				3FF1F55619F69FB700F027E0 /* CoreData.framework in Frameworks */,
				3FF1F55A19F69FEB00F027E0 /* libGoogleAnalyticsServices.a in Frameworks */,
				C1AB0E7C207F45E2832ED219 /* libPods.a in Frameworks */,
				660E12CD1A2EC65D00242033 /* Parse.framework in Frameworks */,
				660E12CC1A2EC65D00242033 /* Bolts.framework in Frameworks */,
			);
			runOnlyForDeploymentPostprocessing = 0;
		};
		3FBD50E919E175840096E154 /* Frameworks */ = {
			isa = PBXFrameworksBuildPhase;
			buildActionMask = 2147483647;
			files = (
			);
			runOnlyForDeploymentPostprocessing = 0;
		};
/* End PBXFrameworksBuildPhase section */

/* Begin PBXGroup section */
		2002EC4B19E41DA9008044AA /* Photos */ = {
			isa = PBXGroup;
			children = (
				2002EC4E19E41DFF008044AA /* PhotoFetcher.swift */,
				206A2A0219F7DBB200338E54 /* DeleteManager.swift */,
			);
			name = Photos;
			sourceTree = "<group>";
		};
		20DB8A9F1A2090F200F7FA32 /* Status */ = {
			isa = PBXGroup;
			children = (
				20DB8AA01A20910300F7FA32 /* StatusViewController.swift */,
				20DB8AA21A21DE6A00F7FA32 /* StatusCountCell.swift */,
				20DB8AA41A21DE7900F7FA32 /* StatusSizeCell.swift */,
				20DB8AA61A21DE9E00F7FA32 /* StatusMusicCell.swift */,
			);
			name = Status;
			sourceTree = "<group>";
		};
		3F49A46719E1767C008079CE /* Pages */ = {
			isa = PBXGroup;
			children = (
				20DB8A9F1A2090F200F7FA32 /* Status */,
				3FAF0B161A0BB7960057686D /* Common */,
				3FA754CA19E40CF200EB7FBB /* Detail */,
				3F49A46819E17698008079CE /* List */,
			);
			path = Pages;
			sourceTree = "<group>";
		};
		3F49A46819E17698008079CE /* List */ = {
			isa = PBXGroup;
			children = (
				3F49A46919E176DA008079CE /* ListViewController.swift */,
				3F49A46B19E17A47008079CE /* ListCell.swift */,
				3FA49E7519E23D0200D86E8A /* ListImageCell.swift */,
				3F5C301619FCD704002F074F /* TutorialView.swift */,
				3F5C301819FCD713002F074F /* TutorialView.xib */,
				3F9C028B19FE7E6700442726 /* NoPictureView.swift */,
				3F9C028F19FE7E8900442726 /* NoPictureView.xib */,
			);
			path = List;
			sourceTree = "<group>";
		};
		3F93FAB819FCABCF009F9C3B /* Resources */ = {
			isa = PBXGroup;
			children = (
				3F93FAB919FCABE0009F9C3B /* lang */,
			);
			path = Resources;
			sourceTree = "<group>";
		};
		3F93FAB919FCABE0009F9C3B /* lang */ = {
			isa = PBXGroup;
			children = (
				3F93FABF19FCAC37009F9C3B /* Localizable.strings */,
			);
			path = lang;
			sourceTree = "<group>";
		};
		3FA754C719E408DA00EB7FBB /* Libs */ = {
			isa = PBXGroup;
			children = (
				3FA754C819E4092700EB7FBB /* MyExtensions.swift */,
				3FDC649F1A203AB500145539 /* LocalPushManager.swift */,
			);
			path = Libs;
			sourceTree = "<group>";
		};
		3FA754CA19E40CF200EB7FBB /* Detail */ = {
			isa = PBXGroup;
			children = (
				3FA754CB19E40D1900EB7FBB /* DetailViewController.swift */,
				3FB0A74D19E8F24300F06677 /* DetailImageCell.swift */,
			);
			path = Detail;
			sourceTree = "<group>";
		};
		3FAF0B161A0BB7960057686D /* Common */ = {
			isa = PBXGroup;
			children = (
				3FAF0B171A0BB7C90057686D /* FlatButton.swift */,
			);
			path = Common;
			sourceTree = "<group>";
		};
		3FB59FF81A22F055008D2862 /* Managers */ = {
			isa = PBXGroup;
			children = (
				3FB59FF91A22F09E008D2862 /* AnalyticsManager.swift */,
			);
			path = Managers;
			sourceTree = "<group>";
		};
		3FBD50CE19E175840096E154 = {
			isa = PBXGroup;
			children = (
				3FBD50D919E175840096E154 /* SmartPic */,
				3FBD50EF19E175840096E154 /* SmartPicTests */,
				3FBD50D819E175840096E154 /* Products */,
				C1C9500F9CA64C77A648F961 /* Frameworks */,
				FD0211687BE051A1FC4DD0EE /* Pods */,
			);
			sourceTree = "<group>";
		};
		3FBD50D819E175840096E154 /* Products */ = {
			isa = PBXGroup;
			children = (
				3FBD50D719E175840096E154 /* SmartPic.app */,
				3FBD50EC19E175840096E154 /* SmartPicTests.xctest */,
			);
			name = Products;
			sourceTree = "<group>";
		};
		3FBD50D919E175840096E154 /* SmartPic */ = {
			isa = PBXGroup;
			children = (
				3FBD50DC19E175840096E154 /* AppDelegate.swift */,
				3FD4C6B719F4A96D00FFE768 /* SmartPic-Bridging-Header.h */,
				3FBD50E019E175840096E154 /* Main.storyboard */,
				3FBD50E319E175840096E154 /* Images.xcassets */,
				3FBD50E519E175840096E154 /* LaunchScreen.xib */,
				3FB59FF81A22F055008D2862 /* Managers */,
				D92D57B819EAE81300B87C20 /* Model */,
				2002EC4B19E41DA9008044AA /* Photos */,
				3FA754C719E408DA00EB7FBB /* Libs */,
				3F49A46719E1767C008079CE /* Pages */,
				3F93FAB819FCABCF009F9C3B /* Resources */,
				3FBD50DA19E175840096E154 /* Supporting Files */,
			);
			path = SmartPic;
			sourceTree = "<group>";
		};
		3FBD50DA19E175840096E154 /* Supporting Files */ = {
			isa = PBXGroup;
			children = (
				3FBD50DB19E175840096E154 /* Info.plist */,
			);
			name = "Supporting Files";
			sourceTree = "<group>";
		};
		3FBD50EF19E175840096E154 /* SmartPicTests */ = {
			isa = PBXGroup;
			children = (
				3FBD50F219E175840096E154 /* SmartPicTests.swift */,
				3FBD50F019E175840096E154 /* Supporting Files */,
			);
			path = SmartPicTests;
			sourceTree = "<group>";
		};
		3FBD50F019E175840096E154 /* Supporting Files */ = {
			isa = PBXGroup;
			children = (
				3FBD50F119E175840096E154 /* Info.plist */,
			);
			name = "Supporting Files";
			sourceTree = "<group>";
		};
		C1C9500F9CA64C77A648F961 /* Frameworks */ = {
			isa = PBXGroup;
			children = (
				660E12CA1A2EC65D00242033 /* Bolts.framework */,
				660E12CB1A2EC65D00242033 /* Parse.framework */,
				3F01117719F69DBA005B5F2F /* libGoogleAnalyticsServices.a */,
				3F01117519F69C71005B5F2F /* AdSupport.framework */,
				3F01117319F69B71005B5F2F /* libz.dylib */,
				3F01117119F69B6A005B5F2F /* SystemConfiguration.framework */,
				3F01116F19F69B5E005B5F2F /* CoreData.framework */,
				EF35E64378D740D1B0AEB093 /* libPods.a */,
			);
			name = Frameworks;
			sourceTree = "<group>";
		};
		D92D57B819EAE81300B87C20 /* Model */ = {
			isa = PBXGroup;
			children = (
				D92D57B919EAE85000B87C20 /* GroupInfo.swift */,
			);
			name = Model;
			sourceTree = "<group>";
		};
		FD0211687BE051A1FC4DD0EE /* Pods */ = {
			isa = PBXGroup;
			children = (
				1D688EABF9B5ED43081DC70F /* Pods.debug.xcconfig */,
				6E51978BDE9C42F6C83CD5DC /* Pods.release.xcconfig */,
			);
			name = Pods;
			sourceTree = "<group>";
		};
/* End PBXGroup section */

/* Begin PBXNativeTarget section */
		3FBD50D619E175840096E154 /* SmartPic */ = {
			isa = PBXNativeTarget;
			buildConfigurationList = 3FBD50F619E175840096E154 /* Build configuration list for PBXNativeTarget "SmartPic" */;
			buildPhases = (
				D8516C9C93A64C11B50A4BE2 /* Check Pods Manifest.lock */,
				3FBD50D319E175840096E154 /* Sources */,
				3FBD50D419E175840096E154 /* Frameworks */,
				3FBD50D519E175840096E154 /* Resources */,
				99D6509680B34B8FB1E63EAE /* Copy Pods Resources */,
			);
			buildRules = (
			);
			dependencies = (
			);
			name = SmartPic;
			productName = SmartPic;
			productReference = 3FBD50D719E175840096E154 /* SmartPic.app */;
			productType = "com.apple.product-type.application";
		};
		3FBD50EB19E175840096E154 /* SmartPicTests */ = {
			isa = PBXNativeTarget;
			buildConfigurationList = 3FBD50F919E175840096E154 /* Build configuration list for PBXNativeTarget "SmartPicTests" */;
			buildPhases = (
				3FBD50E819E175840096E154 /* Sources */,
				3FBD50E919E175840096E154 /* Frameworks */,
				3FBD50EA19E175840096E154 /* Resources */,
			);
			buildRules = (
			);
			dependencies = (
				3FBD50EE19E175840096E154 /* PBXTargetDependency */,
			);
			name = SmartPicTests;
			productName = SmartPicTests;
			productReference = 3FBD50EC19E175840096E154 /* SmartPicTests.xctest */;
			productType = "com.apple.product-type.bundle.unit-test";
		};
/* End PBXNativeTarget section */

/* Begin PBXProject section */
		3FBD50CF19E175840096E154 /* Project object */ = {
			isa = PBXProject;
			attributes = {
				LastUpgradeCheck = 0600;
				ORGANIZATIONNAME = "Yuki Tanabe";
				TargetAttributes = {
					3FBD50D619E175840096E154 = {
						CreatedOnToolsVersion = 6.0.1;
						DevelopmentTeam = Y6LHTNYSDM;
					};
					3FBD50EB19E175840096E154 = {
						CreatedOnToolsVersion = 6.0.1;
						DevelopmentTeam = RB8FPLPDWC;
						TestTargetID = 3FBD50D619E175840096E154;
					};
				};
			};
			buildConfigurationList = 3FBD50D219E175840096E154 /* Build configuration list for PBXProject "SmartPic" */;
			compatibilityVersion = "Xcode 3.2";
			developmentRegion = English;
			hasScannedForEncodings = 0;
			knownRegions = (
				en,
				Base,
				ja,
				ko,
			);
			mainGroup = 3FBD50CE19E175840096E154;
			productRefGroup = 3FBD50D819E175840096E154 /* Products */;
			projectDirPath = "";
			projectRoot = "";
			targets = (
				3FBD50D619E175840096E154 /* SmartPic */,
				3FBD50EB19E175840096E154 /* SmartPicTests */,
			);
		};
/* End PBXProject section */

/* Begin PBXResourcesBuildPhase section */
		3FBD50D519E175840096E154 /* Resources */ = {
			isa = PBXResourcesBuildPhase;
			buildActionMask = 2147483647;
			files = (
				3F5C301919FCD714002F074F /* TutorialView.xib in Resources */,
				3FBD50E219E175840096E154 /* Main.storyboard in Resources */,
				3F9C029019FE7E8900442726 /* NoPictureView.xib in Resources */,
				3F93FABD19FCAC37009F9C3B /* Localizable.strings in Resources */,
				3FBD50E719E175840096E154 /* LaunchScreen.xib in Resources */,
				3FBD50E419E175840096E154 /* Images.xcassets in Resources */,
			);
			runOnlyForDeploymentPostprocessing = 0;
		};
		3FBD50EA19E175840096E154 /* Resources */ = {
			isa = PBXResourcesBuildPhase;
			buildActionMask = 2147483647;
			files = (
			);
			runOnlyForDeploymentPostprocessing = 0;
		};
/* End PBXResourcesBuildPhase section */

/* Begin PBXShellScriptBuildPhase section */
		99D6509680B34B8FB1E63EAE /* Copy Pods Resources */ = {
			isa = PBXShellScriptBuildPhase;
			buildActionMask = 2147483647;
			files = (
			);
			inputPaths = (
			);
			name = "Copy Pods Resources";
			outputPaths = (
			);
			runOnlyForDeploymentPostprocessing = 0;
			shellPath = /bin/sh;
			shellScript = "\"${SRCROOT}/Pods/Target Support Files/Pods/Pods-resources.sh\"\n";
			showEnvVarsInLog = 0;
		};
		D8516C9C93A64C11B50A4BE2 /* Check Pods Manifest.lock */ = {
			isa = PBXShellScriptBuildPhase;
			buildActionMask = 2147483647;
			files = (
			);
			inputPaths = (
			);
			name = "Check Pods Manifest.lock";
			outputPaths = (
			);
			runOnlyForDeploymentPostprocessing = 0;
			shellPath = /bin/sh;
			shellScript = "diff \"${PODS_ROOT}/../Podfile.lock\" \"${PODS_ROOT}/Manifest.lock\" > /dev/null\nif [[ $? != 0 ]] ; then\n    cat << EOM\nerror: The sandbox is not in sync with the Podfile.lock. Run 'pod install' or update your CocoaPods installation.\nEOM\n    exit 1\nfi\n";
			showEnvVarsInLog = 0;
		};
/* End PBXShellScriptBuildPhase section */

/* Begin PBXSourcesBuildPhase section */
		3FBD50D319E175840096E154 /* Sources */ = {
			isa = PBXSourcesBuildPhase;
			buildActionMask = 2147483647;
			files = (
				3FB59FFA1A22F09E008D2862 /* AnalyticsManager.swift in Sources */,
				20DB8AA11A20910300F7FA32 /* StatusViewController.swift in Sources */,
				3F49A46C19E17A47008079CE /* ListCell.swift in Sources */,
				3FA49E7619E23D0200D86E8A /* ListImageCell.swift in Sources */,
				3F9C028C19FE7E6700442726 /* NoPictureView.swift in Sources */,
				2002EC4F19E41DFF008044AA /* PhotoFetcher.swift in Sources */,
				20DB8AA31A21DE6A00F7FA32 /* StatusCountCell.swift in Sources */,
				3FAF0B181A0BB7C90057686D /* FlatButton.swift in Sources */,
				3FA754C919E4092700EB7FBB /* MyExtensions.swift in Sources */,
				206A2A0319F7DBB200338E54 /* DeleteManager.swift in Sources */,
				3FDC64A01A203AB500145539 /* LocalPushManager.swift in Sources */,
				3FA754CC19E40D1900EB7FBB /* DetailViewController.swift in Sources */,
				3FB0A74E19E8F24300F06677 /* DetailImageCell.swift in Sources */,
				3F5C301719FCD704002F074F /* TutorialView.swift in Sources */,
				3FBD50DD19E175840096E154 /* AppDelegate.swift in Sources */,
				20DB8AA71A21DE9E00F7FA32 /* StatusMusicCell.swift in Sources */,
				3F49A46A19E176DA008079CE /* ListViewController.swift in Sources */,
				20DB8AA51A21DE7900F7FA32 /* StatusSizeCell.swift in Sources */,
				D92D57BA19EAE85000B87C20 /* GroupInfo.swift in Sources */,
			);
			runOnlyForDeploymentPostprocessing = 0;
		};
		3FBD50E819E175840096E154 /* Sources */ = {
			isa = PBXSourcesBuildPhase;
			buildActionMask = 2147483647;
			files = (
				3FBD50F319E175840096E154 /* SmartPicTests.swift in Sources */,
			);
			runOnlyForDeploymentPostprocessing = 0;
		};
/* End PBXSourcesBuildPhase section */

/* Begin PBXTargetDependency section */
		3FBD50EE19E175840096E154 /* PBXTargetDependency */ = {
			isa = PBXTargetDependency;
			target = 3FBD50D619E175840096E154 /* SmartPic */;
			targetProxy = 3FBD50ED19E175840096E154 /* PBXContainerItemProxy */;
		};
/* End PBXTargetDependency section */

/* Begin PBXVariantGroup section */
		3F93FABF19FCAC37009F9C3B /* Localizable.strings */ = {
			isa = PBXVariantGroup;
			children = (
				3F93FABE19FCAC37009F9C3B /* en */,
				3F93FAC019FCAC57009F9C3B /* ja */,
				3F93FAC119FCAC5D009F9C3B /* ko */,
			);
			name = Localizable.strings;
			sourceTree = "<group>";
		};
		3FBD50E019E175840096E154 /* Main.storyboard */ = {
			isa = PBXVariantGroup;
			children = (
				3FBD50E119E175840096E154 /* Base */,
			);
			name = Main.storyboard;
			sourceTree = "<group>";
		};
		3FBD50E519E175840096E154 /* LaunchScreen.xib */ = {
			isa = PBXVariantGroup;
			children = (
				3FBD50E619E175840096E154 /* Base */,
			);
			name = LaunchScreen.xib;
			sourceTree = "<group>";
		};
/* End PBXVariantGroup section */

/* Begin XCBuildConfiguration section */
		3FBD50F419E175840096E154 /* Debug */ = {
			isa = XCBuildConfiguration;
			buildSettings = {
				ALWAYS_SEARCH_USER_PATHS = NO;
				CLANG_CXX_LANGUAGE_STANDARD = "gnu++0x";
				CLANG_CXX_LIBRARY = "libc++";
				CLANG_ENABLE_MODULES = YES;
				CLANG_ENABLE_OBJC_ARC = YES;
				CLANG_WARN_BOOL_CONVERSION = YES;
				CLANG_WARN_CONSTANT_CONVERSION = YES;
				CLANG_WARN_DIRECT_OBJC_ISA_USAGE = YES_ERROR;
				CLANG_WARN_EMPTY_BODY = YES;
				CLANG_WARN_ENUM_CONVERSION = YES;
				CLANG_WARN_INT_CONVERSION = YES;
				CLANG_WARN_OBJC_ROOT_CLASS = YES_ERROR;
				CLANG_WARN_UNREACHABLE_CODE = YES;
				CLANG_WARN__DUPLICATE_METHOD_MATCH = YES;
				CODE_SIGN_IDENTITY = "iPhone Developer: yuki tanabe (4JNUZ2WNNS)";
				"CODE_SIGN_IDENTITY[sdk=iphoneos*]" = "iPhone Developer: yuki tanabe (4JNUZ2WNNS)";
				COPY_PHASE_STRIP = NO;
				ENABLE_STRICT_OBJC_MSGSEND = YES;
				GCC_C_LANGUAGE_STANDARD = gnu99;
				GCC_DYNAMIC_NO_PIC = NO;
				GCC_OPTIMIZATION_LEVEL = 0;
				GCC_PREPROCESSOR_DEFINITIONS = (
					"DEBUG=1",
					"$(inherited)",
				);
				GCC_SYMBOLS_PRIVATE_EXTERN = NO;
				GCC_WARN_64_TO_32_BIT_CONVERSION = YES;
				GCC_WARN_ABOUT_RETURN_TYPE = YES_ERROR;
				GCC_WARN_UNDECLARED_SELECTOR = YES;
				GCC_WARN_UNINITIALIZED_AUTOS = YES_AGGRESSIVE;
				GCC_WARN_UNUSED_FUNCTION = YES;
				GCC_WARN_UNUSED_VARIABLE = YES;
				IPHONEOS_DEPLOYMENT_TARGET = 8.0;
				MTL_ENABLE_DEBUG_INFO = YES;
				ONLY_ACTIVE_ARCH = YES;
				PROVISIONING_PROFILE = "68e50432-9d61-4d01-8d22-35fe8cd236b1";
				SDKROOT = iphoneos;
				SWIFT_OPTIMIZATION_LEVEL = "-Onone";
			};
			name = Debug;
		};
		3FBD50F519E175840096E154 /* Release */ = {
			isa = XCBuildConfiguration;
			buildSettings = {
				ALWAYS_SEARCH_USER_PATHS = NO;
				CLANG_CXX_LANGUAGE_STANDARD = "gnu++0x";
				CLANG_CXX_LIBRARY = "libc++";
				CLANG_ENABLE_MODULES = YES;
				CLANG_ENABLE_OBJC_ARC = YES;
				CLANG_WARN_BOOL_CONVERSION = YES;
				CLANG_WARN_CONSTANT_CONVERSION = YES;
				CLANG_WARN_DIRECT_OBJC_ISA_USAGE = YES_ERROR;
				CLANG_WARN_EMPTY_BODY = YES;
				CLANG_WARN_ENUM_CONVERSION = YES;
				CLANG_WARN_INT_CONVERSION = YES;
				CLANG_WARN_OBJC_ROOT_CLASS = YES_ERROR;
				CLANG_WARN_UNREACHABLE_CODE = YES;
				CLANG_WARN__DUPLICATE_METHOD_MATCH = YES;
				CODE_SIGN_IDENTITY = "iPhone Distribution: yuki tanabe (RB8FPLPDWC)";
				"CODE_SIGN_IDENTITY[sdk=iphoneos*]" = "iPhone Distribution: yuki tanabe (RB8FPLPDWC)";
				COPY_PHASE_STRIP = YES;
				ENABLE_NS_ASSERTIONS = NO;
				ENABLE_STRICT_OBJC_MSGSEND = YES;
				GCC_C_LANGUAGE_STANDARD = gnu99;
				GCC_WARN_64_TO_32_BIT_CONVERSION = YES;
				GCC_WARN_ABOUT_RETURN_TYPE = YES_ERROR;
				GCC_WARN_UNDECLARED_SELECTOR = YES;
				GCC_WARN_UNINITIALIZED_AUTOS = YES_AGGRESSIVE;
				GCC_WARN_UNUSED_FUNCTION = YES;
				GCC_WARN_UNUSED_VARIABLE = YES;
				IPHONEOS_DEPLOYMENT_TARGET = 8.0;
				MTL_ENABLE_DEBUG_INFO = NO;
				PROVISIONING_PROFILE = "8ac4998b-52d8-44e1-bd45-558271d1e31e";
				SDKROOT = iphoneos;
				VALIDATE_PRODUCT = YES;
			};
			name = Release;
		};
		3FBD50F719E175840096E154 /* Debug */ = {
			isa = XCBuildConfiguration;
			baseConfigurationReference = 1D688EABF9B5ED43081DC70F /* Pods.debug.xcconfig */;
			buildSettings = {
				ASSETCATALOG_COMPILER_APPICON_NAME = AppIcon;
				CLANG_ENABLE_MODULES = YES;
				CODE_SIGN_IDENTITY = "iPhone Developer: yuki tanabe (4JNUZ2WNNS)";
				"CODE_SIGN_IDENTITY[sdk=iphoneos*]" = "iPhone Developer: yuki tanabe (4JNUZ2WNNS)";
				FRAMEWORK_SEARCH_PATHS = (
					"$(inherited)",
					"$(PROJECT_DIR)",
				);
				INFOPLIST_FILE = SmartPic/Info.plist;
				LD_RUNPATH_SEARCH_PATHS = "$(inherited) @executable_path/Frameworks";
				LIBRARY_SEARCH_PATHS = (
					"$(inherited)",
					/Users/tanabe/Downloads/GoogleAnalyticsServicesiOS_3.09,
				);
				PRODUCT_NAME = "$(TARGET_NAME)";
				PROVISIONING_PROFILE = "68e50432-9d61-4d01-8d22-35fe8cd236b1";
				SWIFT_OBJC_BRIDGING_HEADER = "SmartPic/SmartPic-Bridging-Header.h";
				SWIFT_OPTIMIZATION_LEVEL = "-Onone";
			};
			name = Debug;
		};
		3FBD50F819E175840096E154 /* Release */ = {
			isa = XCBuildConfiguration;
			baseConfigurationReference = 6E51978BDE9C42F6C83CD5DC /* Pods.release.xcconfig */;
			buildSettings = {
				ASSETCATALOG_COMPILER_APPICON_NAME = AppIcon;
				CLANG_ENABLE_MODULES = YES;
				CODE_SIGN_IDENTITY = "iPhone Distribution: yuki tanabe (RB8FPLPDWC)";
				"CODE_SIGN_IDENTITY[sdk=iphoneos*]" = "iPhone Distribution: yuki tanabe (RB8FPLPDWC)";
				FRAMEWORK_SEARCH_PATHS = (
					"$(inherited)",
					"$(PROJECT_DIR)",
				);
				INFOPLIST_FILE = SmartPic/Info.plist;
				LD_RUNPATH_SEARCH_PATHS = "$(inherited) @executable_path/Frameworks";
				LIBRARY_SEARCH_PATHS = (
					"$(inherited)",
					/Users/tanabe/Downloads/GoogleAnalyticsServicesiOS_3.09,
				);
				PRODUCT_NAME = "$(TARGET_NAME)";
				PROVISIONING_PROFILE = "8ac4998b-52d8-44e1-bd45-558271d1e31e";
				SWIFT_OBJC_BRIDGING_HEADER = "SmartPic/SmartPic-Bridging-Header.h";
			};
			name = Release;
		};
		3FBD50FA19E175840096E154 /* Debug */ = {
			isa = XCBuildConfiguration;
			buildSettings = {
				BUNDLE_LOADER = "$(TEST_HOST)";
				CODE_SIGN_IDENTITY = "iPhone Developer";
				"CODE_SIGN_IDENTITY[sdk=iphoneos*]" = "iPhone Developer";
				FRAMEWORK_SEARCH_PATHS = (
					"$(SDKROOT)/Developer/Library/Frameworks",
					"$(inherited)",
				);
				GCC_PREPROCESSOR_DEFINITIONS = (
					"DEBUG=1",
					"$(inherited)",
				);
				INFOPLIST_FILE = SmartPicTests/Info.plist;
				LD_RUNPATH_SEARCH_PATHS = "$(inherited) @executable_path/Frameworks @loader_path/Frameworks";
				PRODUCT_NAME = "$(TARGET_NAME)";
				PROVISIONING_PROFILE = "";
				TEST_HOST = "$(BUILT_PRODUCTS_DIR)/SmartPic.app/SmartPic";
			};
			name = Debug;
		};
		3FBD50FB19E175840096E154 /* Release */ = {
			isa = XCBuildConfiguration;
			buildSettings = {
				BUNDLE_LOADER = "$(TEST_HOST)";
				CODE_SIGN_IDENTITY = "iPhone Developer";
				"CODE_SIGN_IDENTITY[sdk=iphoneos*]" = "iPhone Developer";
				FRAMEWORK_SEARCH_PATHS = (
					"$(SDKROOT)/Developer/Library/Frameworks",
					"$(inherited)",
				);
				INFOPLIST_FILE = SmartPicTests/Info.plist;
				LD_RUNPATH_SEARCH_PATHS = "$(inherited) @executable_path/Frameworks @loader_path/Frameworks";
				PRODUCT_NAME = "$(TARGET_NAME)";
				PROVISIONING_PROFILE = "";
				TEST_HOST = "$(BUILT_PRODUCTS_DIR)/SmartPic.app/SmartPic";
			};
			name = Release;
		};
/* End XCBuildConfiguration section */

/* Begin XCConfigurationList section */
		3FBD50D219E175840096E154 /* Build configuration list for PBXProject "SmartPic" */ = {
			isa = XCConfigurationList;
			buildConfigurations = (
				3FBD50F419E175840096E154 /* Debug */,
				3FBD50F519E175840096E154 /* Release */,
			);
			defaultConfigurationIsVisible = 0;
			defaultConfigurationName = Release;
		};
		3FBD50F619E175840096E154 /* Build configuration list for PBXNativeTarget "SmartPic" */ = {
			isa = XCConfigurationList;
			buildConfigurations = (
				3FBD50F719E175840096E154 /* Debug */,
				3FBD50F819E175840096E154 /* Release */,
			);
			defaultConfigurationIsVisible = 0;
			defaultConfigurationName = Release;
		};
		3FBD50F919E175840096E154 /* Build configuration list for PBXNativeTarget "SmartPicTests" */ = {
			isa = XCConfigurationList;
			buildConfigurations = (
				3FBD50FA19E175840096E154 /* Debug */,
				3FBD50FB19E175840096E154 /* Release */,
			);
			defaultConfigurationIsVisible = 0;
			defaultConfigurationName = Release;
		};
/* End XCConfigurationList section */
	};
	rootObject = 3FBD50CF19E175840096E154 /* Project object */;
}
